
Microsoft Visual Studio Solution File, Format Version 12.00
# Visual Studio Version 16
VisualStudioVersion = 16.0.30907.101
MinimumVisualStudioVersion = 10.0.40219.1
Project("{9A19103F-16F7-4668-BE54-9A1E7A4F7556}") = "jsClient", "jsClient\jsClient.csproj", "{64F0163A-DCB7-4B30-8071-2DF187B0042E}"
EndProject
Project("{9A19103F-16F7-4668-BE54-9A1E7A4F7556}") = "ResourceServer", "ResourceServer\ResourceServer.csproj", "{D673F38F-83DE-40F6-AB03-C8D06F8913E6}"
EndProject
Project("{FAE04EC0-301F-11D3-BF4B-00C04F79EFBC}") = "IdentityServerAds", "IdentityServerAds\IdentityServerAds.csproj", "{674DB3B9-E41D-4CB9-AF13-07556623682F}"
EndProject
Global
	GlobalSection(SolutionConfigurationPlatforms) = preSolution
		Debug|Any CPU = Debug|Any CPU
		Release|Any CPU = Release|Any CPU
	EndGlobalSection
	GlobalSection(ProjectConfigurationPlatforms) = postSolution
		{64F0163A-DCB7-4B30-8071-2DF187B0042E}.Debug|Any CPU.ActiveCfg = Debug|Any CPU
		{64F0163A-DCB7-4B30-8071-2DF187B0042E}.Debug|Any CPU.Build.0 = Debug|Any CPU
		{64F0163A-DCB7-4B30-8071-2DF187B0042E}.Release|Any CPU.ActiveCfg = Release|Any CPU
		{64F0163A-DCB7-4B30-8071-2DF187B0042E}.Release|Any CPU.Build.0 = Release|Any CPU
		{D673F38F-83DE-40F6-AB03-C8D06F8913E6}.Debug|Any CPU.ActiveCfg = Debug|Any CPU
		{D673F38F-83DE-40F6-AB03-C8D06F8913E6}.Debug|Any CPU.Build.0 = Debug|Any CPU
		{D673F38F-83DE-40F6-AB03-C8D06F8913E6}.Release|Any CPU.ActiveCfg = Release|Any CPU
		{D673F38F-83DE-40F6-AB03-C8D06F8913E6}.Release|Any CPU.Build.0 = Release|Any CPU
		{674DB3B9-E41D-4CB9-AF13-07556623682F}.Debug|Any CPU.ActiveCfg = Debug|Any CPU
		{674DB3B9-E41D-4CB9-AF13-07556623682F}.Debug|Any CPU.Build.0 = Debug|Any CPU
		{674DB3B9-E41D-4CB9-AF13-07556623682F}.Release|Any CPU.ActiveCfg = Release|Any CPU
		{674DB3B9-E41D-4CB9-AF13-07556623682F}.Release|Any CPU.Build.0 = Release|Any CPU
	EndGlobalSection
	GlobalSection(SolutionProperties) = preSolution
		HideSolutionNode = FALSE
	EndGlobalSection
	GlobalSection(ExtensibilityGlobals) = postSolution
		SolutionGuid = {B7A54593-E2BE-45BE-93D4-A26DC63CB47F}
	EndGlobalSection
EndGlobal
